{
    "name": "charm-highlighter",
    "version": "0.0.1",
    "lockfileVersion": 2,
    "requires": true,
    "packages": {
        "": {
            "name": "charm-highlighter",
            "version": "0.0.1",
            "engines": {
                "vscode": "^1.65.0"
            }
        }
    }
}
